PODS:
  - Alamofire (5.4.3)
  - Kingfisher (6.3.0)
  - Moya (14.0.0):
    - Moya/Core (= 14.0.0)
  - Moya/Core (14.0.0):
    - Alamofire (~> 5.0)
  - ProgressHUD (13.6)
  - SwiftyJSON (5.0.1)

DEPENDENCIES:
  - Kingfisher
  - Moya
  - ProgressHUD
  - SwiftyJSON

SPEC REPOS:
  trunk:
    - Alamofire
    - Kingfisher
    - Moya
    - ProgressHUD
    - SwiftyJSON

SPEC CHECKSUMS:
  Alamofire: e447a2774a40c996748296fa2c55112fdbbc42f9
  Kingfisher: 6c3df386db71d82c0817a429d2c9421a77396529
  Moya: 5b45dacb75adb009f97fde91c204c1e565d31916
  ProgressHUD: 4bdaa0d2ddf676b23324b199f9facffb5c3a1620
  SwiftyJSON: 2f33a42c6fbc52764d96f13368585094bfd8aa5e

PODFILE CHECKSUM: 222132460ae78d98165d9c662b17729f1ae5c351

COCOAPODS: 1.10.1
